
Microsoft Visual Studio Solution File, Format Version 11.00
# Visual Studio 2010
# SharpDevelop 5.1
Project("{FAE04EC0-301F-11D3-BF4B-00C04F79EFBC}") = "practica1", "practica1\practica1.csproj", "{30F89DA0-4B54-4C21-88A9-BDCEBFF7FF1B}"
EndProject
Global
	GlobalSection(SolutionConfigurationPlatforms) = preSolution
		Debug|Any CPU = Debug|Any CPU
		Release|Any CPU = Release|Any CPU
	EndGlobalSection
	GlobalSection(ProjectConfigurationPlatforms) = postSolution
		{30F89DA0-4B54-4C21-88A9-BDCEBFF7FF1B}.Debug|Any CPU.ActiveCfg = Debug|Any CPU
		{30F89DA0-4B54-4C21-88A9-BDCEBFF7FF1B}.Debug|Any CPU.Build.0 = Debug|Any CPU
		{30F89DA0-4B54-4C21-88A9-BDCEBFF7FF1B}.Release|Any CPU.ActiveCfg = Release|Any CPU
		{30F89DA0-4B54-4C21-88A9-BDCEBFF7FF1B}.Release|Any CPU.Build.0 = Release|Any CPU
	EndGlobalSection
EndGlobal
